
Microsoft Visual Studio Solution File, Format Version 12.00
# Visual Studio Version 17
VisualStudioVersion = 17.6.33723.286
MinimumVisualStudioVersion = 10.0.40219.1
Project("{FAE04EC0-301F-11D3-BF4B-00C04F79EFBC}") = "Testing_JSON_To_Object_Icinga", "Testing_JSON_To_Object_Icinga\Testing_JSON_To_Object_Icinga.csproj", "{37011E39-9FDC-4826-AFB4-933D46551A25}"
EndProject
Global
	GlobalSection(SolutionConfigurationPlatforms) = preSolution
		Debug|Any CPU = Debug|Any CPU
		Release|Any CPU = Release|Any CPU
	EndGlobalSection
	GlobalSection(ProjectConfigurationPlatforms) = postSolution
		{37011E39-9FDC-4826-AFB4-933D46551A25}.Debug|Any CPU.ActiveCfg = Debug|Any CPU
		{37011E39-9FDC-4826-AFB4-933D46551A25}.Debug|Any CPU.Build.0 = Debug|Any CPU
		{37011E39-9FDC-4826-AFB4-933D46551A25}.Release|Any CPU.ActiveCfg = Release|Any CPU
		{37011E39-9FDC-4826-AFB4-933D46551A25}.Release|Any CPU.Build.0 = Release|Any CPU
	EndGlobalSection
	GlobalSection(SolutionProperties) = preSolution
		HideSolutionNode = FALSE
	EndGlobalSection
	GlobalSection(ExtensibilityGlobals) = postSolution
		SolutionGuid = {C7D70032-3D34-4DB6-984B-B28EC5162DCD}
	EndGlobalSection
EndGlobal
